
Microsoft Visual Studio Solution File, Format Version 12.00
# Visual Studio Version 17
VisualStudioVersion = 17.12.35521.163 d17.12
MinimumVisualStudioVersion = 10.0.40219.1
Project("{F2A71F9B-5D33-465A-A702-920D77279786}") = "Text Analyzer", "Text Analyzer\Text Analyzer.fsproj", "{FE6DC3A1-1B6E-47D6-B9B2-9FA24E8BAD1C}"
EndProject
Global
	GlobalSection(SolutionConfigurationPlatforms) = preSolution
		Debug|Any CPU = Debug|Any CPU
		Release|Any CPU = Release|Any CPU
	EndGlobalSection
	GlobalSection(ProjectConfigurationPlatforms) = postSolution
		{FE6DC3A1-1B6E-47D6-B9B2-9FA24E8BAD1C}.Debug|Any CPU.ActiveCfg = Debug|Any CPU
		{FE6DC3A1-1B6E-47D6-B9B2-9FA24E8BAD1C}.Debug|Any CPU.Build.0 = Debug|Any CPU
		{FE6DC3A1-1B6E-47D6-B9B2-9FA24E8BAD1C}.Release|Any CPU.ActiveCfg = Release|Any CPU
		{FE6DC3A1-1B6E-47D6-B9B2-9FA24E8BAD1C}.Release|Any CPU.Build.0 = Release|Any CPU
	EndGlobalSection
	GlobalSection(SolutionProperties) = preSolution
		HideSolutionNode = FALSE
	EndGlobalSection
EndGlobal
